PODS:
  - Alamofire (4.8.1)
  - FBSnapshotTestCase (2.1.4):
    - FBSnapshotTestCase/SwiftSupport (= 2.1.4)
  - FBSnapshotTestCase/Core (2.1.4)
  - FBSnapshotTestCase/SwiftSupport (2.1.4):
    - FBSnapshotTestCase/Core
  - iOSSnapshotTestCase (5.0.2):
    - iOSSnapshotTestCase/SwiftSupport (= 5.0.2)
  - iOSSnapshotTestCase/Core (5.0.2)
  - iOSSnapshotTestCase/SwiftSupport (5.0.2):
    - iOSSnapshotTestCase/Core
  - Moya (12.0.1):
    - Moya/Core (= 12.0.1)
  - Moya/Core (12.0.1):
    - Alamofire (~> 4.1)
    - Result (~> 4.0)
  - Moya/RxSwift (12.0.1):
    - Moya/Core
    - RxSwift (~> 4.0)
  - Nimble (7.3.4)
  - Nimble-Snapshots (6.9.1):
    - Nimble-Snapshots/Core (= 6.9.1)
  - Nimble-Snapshots/Core (6.9.1):
    - iOSSnapshotTestCase (~> 5.0)
    - Nimble (~> 7.0)
  - NMDEF.Base (0.1.0):
    - Moya (~> 12.0)
    - Moya/RxSwift (~> 12.0)
    - Reusable (~> 4.0)
    - RxCocoa (~> 4.4)
    - RxFlow (~> 1.6)
    - RxViewController (~> 0.4)
  - Quick (1.3.4)
  - Result (4.1.0)
  - Reusable (4.0.5):
    - Reusable/Storyboard (= 4.0.5)
    - Reusable/View (= 4.0.5)
  - Reusable/Storyboard (4.0.5)
  - Reusable/View (4.0.5)
  - RxAtomic (4.4.1)
  - RxCocoa (4.4.1):
    - RxSwift (~> 4.0)
  - RxFlow (1.6.2):
    - RxCocoa (>= 4.3.0)
    - RxSwift (>= 4.3.0)
  - RxSwift (4.4.1):
    - RxAtomic (~> 4.4)
  - RxViewController (0.4.1):
    - RxCocoa (>= 4.0.0)
    - RxSwift (>= 4.0.0)

DEPENDENCIES:
  - FBSnapshotTestCase (~> 2.1.0)
  - Moya (~> 12.0)
  - Moya/RxSwift (~> 12.0)
  - Nimble (~> 7.3.0)
  - Nimble-Snapshots (~> 6.9.0)
  - NMDEF.Base (from `../`)
  - Quick (~> 1.3.0)

SPEC REPOS:
  https://github.com/cocoapods/specs.git:
    - Alamofire
    - FBSnapshotTestCase
    - iOSSnapshotTestCase
    - Moya
    - Nimble
    - Nimble-Snapshots
    - Quick
    - Result
    - Reusable
    - RxAtomic
    - RxCocoa
    - RxFlow
    - RxSwift
    - RxViewController

EXTERNAL SOURCES:
  NMDEF.Base:
    :path: "../"

SPEC CHECKSUMS:
  Alamofire: 16ce2c353fb72865124ddae8a57c5942388f4f11
  FBSnapshotTestCase: 094f9f314decbabe373b87cc339bea235a63e07a
  iOSSnapshotTestCase: 2d51aa06775e95cecb0a1fb9c5c159ccd1dd4596
  Moya: cf730b3cd9e005401ef37a85143aa141a12fd38f
  Nimble: 051e3d8912d40138fa5591c78594f95fb172af37
  Nimble-Snapshots: bbd1ab264bacc24a9ce24a8363bc05aac783aeb0
  NMDEF.Base: 45ba380d6647118cda3d425e8c95043620e13b28
  Quick: f4f7f063c524394c73ed93ac70983c609805d481
  Result: bd966fac789cc6c1563440b348ab2598cc24d5c7
  Reusable: 188be1a54ac0691bc66e5bb24ec6eb91971b315b
  RxAtomic: f8d6adc1ccb87a767811269e4875887bc74dbf19
  RxCocoa: 2f35a76bf8887872e28a1914112395b11b8e0e64
  RxFlow: 2460b8f1d546a7536d3b259536357301030a4140
  RxSwift: 92fcf68dfef21f3e2ab1965363d9e7b3d787597e
  RxViewController: e93e7c233d5b5b62c32231d69726d55f54081bc6

PODFILE CHECKSUM: f5d2e74a15f4e6e162fd35c39e5e32f2da4f3ccb

COCOAPODS: 1.6.0
