// !$*UTF8*$!
{
	archiveVersion = 1;
	classes = {
	};
	objectVersion = 46;
	objects = {

/* Begin PBXBuildFile section */
		658120AD2E188785D877D442 /* BaseModel.swift in Sources */ = {isa = PBXBuildFile; fileRef = 65812CD1CE6446AE57E34D80 /* BaseModel.swift */; };
		658120F3CA2DCF0C3106C224 /* Synchronizable.swift in Sources */ = {isa = PBXBuildFile; fileRef = 6581236342668FA564307DF8 /* Synchronizable.swift */; };
		6581215DD823A769E3BF64DC /* ViewModel.swift in Sources */ = {isa = PBXBuildFile; fileRef = 658122C98ED8E5B69F22FA47 /* ViewModel.swift */; };
		6581225CDA610E76E7F4FA5C /* NAXT_Mobile_Data_Entity_Framework.framework in Frameworks */ = {isa = PBXBuildFile; fileRef = 65812992A75329BBD36F21FF /* NAXT_Mobile_Data_Entity_Framework.framework */; };
		658123CD717ECAF2BC0F09D6 /* HasViewModel.swift in Sources */ = {isa = PBXBuildFile; fileRef = 65812B201ECE3D43630A5F85 /* HasViewModel.swift */; };
		6581247D6C72655F9BB5FC8C /* BaseViewModel.swift in Sources */ = {isa = PBXBuildFile; fileRef = 658129ABEFB0721779A3DC44 /* BaseViewModel.swift */; };
		658124AB01A7E619379E0D07 /* UIViewController+ViewCouldBind.swift in Sources */ = {isa = PBXBuildFile; fileRef = 6581230A87CF27714D09159E /* UIViewController+ViewCouldBind.swift */; };
		6581251ABB20F6A6571DBC69 /* BaseFlow.swift in Sources */ = {isa = PBXBuildFile; fileRef = 6581274C2980547D28A0806E /* BaseFlow.swift */; };
		65812521255B99B380ABA414 /* BehaviorRelay+Val.swift in Sources */ = {isa = PBXBuildFile; fileRef = 65812C32E55D1401DCB03D8E /* BehaviorRelay+Val.swift */; };
		6581265A2EB69C0A9DDC78C2 /* FlowWithTabBarRoot.swift in Sources */ = {isa = PBXBuildFile; fileRef = 65812BC57980B6B974FF8614 /* FlowWithTabBarRoot.swift */; };
		658126B96ED60623C0484921 /* BindableView.swift in Sources */ = {isa = PBXBuildFile; fileRef = 6581219697DE5ACD2A84813D /* BindableView.swift */; };
		658126BE17322E51A61FD683 /* FlowWithNavigationRoot.swift in Sources */ = {isa = PBXBuildFile; fileRef = 6581269D965245838AA53C40 /* FlowWithNavigationRoot.swift */; };
		65812A631380BD5408D3C1FC /* RxOperators.swift in Sources */ = {isa = PBXBuildFile; fileRef = 65812B94843DFF44275A42C5 /* RxOperators.swift */; };
		65812ADB69E58A59170D7730 /* BaseAppDelegate.swift in Sources */ = {isa = PBXBuildFile; fileRef = 658128F9132A488B4B1F6129 /* BaseAppDelegate.swift */; };
		65812B9E0EF390797DD66EF4 /* TableView+DeselectSelectedRow.swift in Sources */ = {isa = PBXBuildFile; fileRef = 6581224160CE05680F76CBE1 /* TableView+DeselectSelectedRow.swift */; };
		65812C7EF3F0B6A234EE139D /* NAXT_Mobile_Data_Entity_FrameworkTests.swift in Sources */ = {isa = PBXBuildFile; fileRef = 65812527F8654F679E7398AC /* NAXT_Mobile_Data_Entity_FrameworkTests.swift */; };
		65812E109044D9058905CEE6 /* String+FirstLetter.swift in Sources */ = {isa = PBXBuildFile; fileRef = 65812EF448709937BBBAC4D1 /* String+FirstLetter.swift */; };
		65812F3330C1909BD1A12C85 /* SimpleViewModel.swift in Sources */ = {isa = PBXBuildFile; fileRef = 65812E305E08F94A667CF2D4 /* SimpleViewModel.swift */; };
		65812FC4155B354D62502199 /* BaseViewContoller.swift in Sources */ = {isa = PBXBuildFile; fileRef = 65812A09EEED1915992BB274 /* BaseViewContoller.swift */; };
		EE6651BBAE670D15580EBFCF /* Pods_NAXT_Mobile_Data_Entity_Framework.framework in Frameworks */ = {isa = PBXBuildFile; fileRef = 0524A783ED7A320286CF9B0F /* Pods_NAXT_Mobile_Data_Entity_Framework.framework */; };
/* End PBXBuildFile section */

/* Begin PBXContainerItemProxy section */
		65812018D7B357D7325138E8 /* PBXContainerItemProxy */ = {
			isa = PBXContainerItemProxy;
			containerPortal = 658125C22B89083241D59F07 /* Project object */;
			proxyType = 1;
			remoteGlobalIDString = 65812C453DC5514F2FA8CC96;
			remoteInfo = "NAXT Mobile Data Entity Framework";
		};
/* End PBXContainerItemProxy section */

/* Begin PBXFileReference section */
		0524A783ED7A320286CF9B0F /* Pods_NAXT_Mobile_Data_Entity_Framework.framework */ = {isa = PBXFileReference; explicitFileType = wrapper.framework; includeInIndex = 0; path = Pods_NAXT_Mobile_Data_Entity_Framework.framework; sourceTree = BUILT_PRODUCTS_DIR; };
		6581219697DE5ACD2A84813D /* BindableView.swift */ = {isa = PBXFileReference; fileEncoding = 4; lastKnownFileType = sourcecode.swift; path = BindableView.swift; sourceTree = "<group>"; };
		6581224160CE05680F76CBE1 /* TableView+DeselectSelectedRow.swift */ = {isa = PBXFileReference; fileEncoding = 4; lastKnownFileType = sourcecode.swift; path = "TableView+DeselectSelectedRow.swift"; sourceTree = "<group>"; };
		658122C98ED8E5B69F22FA47 /* ViewModel.swift */ = {isa = PBXFileReference; fileEncoding = 4; lastKnownFileType = sourcecode.swift; path = ViewModel.swift; sourceTree = "<group>"; };
		6581230A87CF27714D09159E /* UIViewController+ViewCouldBind.swift */ = {isa = PBXFileReference; fileEncoding = 4; lastKnownFileType = sourcecode.swift; path = "UIViewController+ViewCouldBind.swift"; sourceTree = "<group>"; };
		6581236342668FA564307DF8 /* Synchronizable.swift */ = {isa = PBXFileReference; fileEncoding = 4; lastKnownFileType = sourcecode.swift; path = Synchronizable.swift; sourceTree = "<group>"; };
		65812527F8654F679E7398AC /* NAXT_Mobile_Data_Entity_FrameworkTests.swift */ = {isa = PBXFileReference; lastKnownFileType = sourcecode.swift; path = NAXT_Mobile_Data_Entity_FrameworkTests.swift; sourceTree = "<group>"; };
		6581263C40F51571E928CFC1 /* Info.plist */ = {isa = PBXFileReference; lastKnownFileType = text.plist.info; path = Info.plist; sourceTree = "<group>"; };
		6581269D965245838AA53C40 /* FlowWithNavigationRoot.swift */ = {isa = PBXFileReference; fileEncoding = 4; lastKnownFileType = sourcecode.swift; path = FlowWithNavigationRoot.swift; sourceTree = "<group>"; };
		6581274C2980547D28A0806E /* BaseFlow.swift */ = {isa = PBXFileReference; fileEncoding = 4; lastKnownFileType = sourcecode.swift; path = BaseFlow.swift; sourceTree = "<group>"; };
		6581283ED57CECDB287D88D9 /* NAXT Mobile Data Entity FrameworkTests.xctest */ = {isa = PBXFileReference; explicitFileType = wrapper.cfbundle; includeInIndex = 0; path = "NAXT Mobile Data Entity FrameworkTests.xctest"; sourceTree = BUILT_PRODUCTS_DIR; };
		658128F9132A488B4B1F6129 /* BaseAppDelegate.swift */ = {isa = PBXFileReference; fileEncoding = 4; lastKnownFileType = sourcecode.swift; path = BaseAppDelegate.swift; sourceTree = "<group>"; };
		65812992A75329BBD36F21FF /* NAXT_Mobile_Data_Entity_Framework.framework */ = {isa = PBXFileReference; explicitFileType = wrapper.framework; includeInIndex = 0; path = NAXT_Mobile_Data_Entity_Framework.framework; sourceTree = BUILT_PRODUCTS_DIR; };
		658129ABEFB0721779A3DC44 /* BaseViewModel.swift */ = {isa = PBXFileReference; fileEncoding = 4; lastKnownFileType = sourcecode.swift; path = BaseViewModel.swift; sourceTree = "<group>"; };
		65812A09EEED1915992BB274 /* BaseViewContoller.swift */ = {isa = PBXFileReference; fileEncoding = 4; lastKnownFileType = sourcecode.swift; path = BaseViewContoller.swift; sourceTree = "<group>"; };
		65812B201ECE3D43630A5F85 /* HasViewModel.swift */ = {isa = PBXFileReference; fileEncoding = 4; lastKnownFileType = sourcecode.swift; path = HasViewModel.swift; sourceTree = "<group>"; };
		65812B94843DFF44275A42C5 /* RxOperators.swift */ = {isa = PBXFileReference; fileEncoding = 4; lastKnownFileType = sourcecode.swift; path = RxOperators.swift; sourceTree = "<group>"; };
		65812BC57980B6B974FF8614 /* FlowWithTabBarRoot.swift */ = {isa = PBXFileReference; fileEncoding = 4; lastKnownFileType = sourcecode.swift; path = FlowWithTabBarRoot.swift; sourceTree = "<group>"; };
		65812C32E55D1401DCB03D8E /* BehaviorRelay+Val.swift */ = {isa = PBXFileReference; fileEncoding = 4; lastKnownFileType = sourcecode.swift; path = "BehaviorRelay+Val.swift"; sourceTree = "<group>"; };
		65812CD1CE6446AE57E34D80 /* BaseModel.swift */ = {isa = PBXFileReference; fileEncoding = 4; lastKnownFileType = sourcecode.swift; path = BaseModel.swift; sourceTree = "<group>"; };
		65812E305E08F94A667CF2D4 /* SimpleViewModel.swift */ = {isa = PBXFileReference; fileEncoding = 4; lastKnownFileType = sourcecode.swift; path = SimpleViewModel.swift; sourceTree = "<group>"; };
		65812EF448709937BBBAC4D1 /* String+FirstLetter.swift */ = {isa = PBXFileReference; fileEncoding = 4; lastKnownFileType = sourcecode.swift; path = "String+FirstLetter.swift"; sourceTree = "<group>"; };
		65812F737A19A6499702B27D /* Info.plist */ = {isa = PBXFileReference; lastKnownFileType = text.plist.info; path = Info.plist; sourceTree = "<group>"; };
		841089CE40D91266577048EA /* Pods-NAXT Mobile Data Entity Framework.debug.xcconfig */ = {isa = PBXFileReference; includeInIndex = 1; lastKnownFileType = text.xcconfig; name = "Pods-NAXT Mobile Data Entity Framework.debug.xcconfig"; path = "Target Support Files/Pods-NAXT Mobile Data Entity Framework/Pods-NAXT Mobile Data Entity Framework.debug.xcconfig"; sourceTree = "<group>"; };
		BE05BDE46E9DFA57028B0992 /* Pods-NAXT Mobile Data Entity Framework.release.xcconfig */ = {isa = PBXFileReference; includeInIndex = 1; lastKnownFileType = text.xcconfig; name = "Pods-NAXT Mobile Data Entity Framework.release.xcconfig"; path = "Target Support Files/Pods-NAXT Mobile Data Entity Framework/Pods-NAXT Mobile Data Entity Framework.release.xcconfig"; sourceTree = "<group>"; };
/* End PBXFileReference section */

/* Begin PBXFrameworksBuildPhase section */
		658121FB9343E61A1774FFCA /* Frameworks */ = {
			isa = PBXFrameworksBuildPhase;
			buildActionMask = 2147483647;
			files = (
				EE6651BBAE670D15580EBFCF /* Pods_NAXT_Mobile_Data_Entity_Framework.framework in Frameworks */,
			);
			runOnlyForDeploymentPostprocessing = 0;
		};
		65812E6BFD0E83342C2C24F9 /* Frameworks */ = {
			isa = PBXFrameworksBuildPhase;
			buildActionMask = 2147483647;
			files = (
				6581225CDA610E76E7F4FA5C /* NAXT_Mobile_Data_Entity_Framework.framework in Frameworks */,
			);
			runOnlyForDeploymentPostprocessing = 0;
		};
/* End PBXFrameworksBuildPhase section */

/* Begin PBXGroup section */
		00B9C621B1EA40E5DAC0B68E /* Pods */ = {
			isa = PBXGroup;
			children = (
				841089CE40D91266577048EA /* Pods-NAXT Mobile Data Entity Framework.debug.xcconfig */,
				BE05BDE46E9DFA57028B0992 /* Pods-NAXT Mobile Data Entity Framework.release.xcconfig */,
			);
			name = Pods;
			path = ../NAXT_Renal.iOS/Pods;
			sourceTree = "<group>";
		};
		34CDAED121F355A8009A57B3 /* Flow */ = {
			isa = PBXGroup;
			children = (
				6581274C2980547D28A0806E /* BaseFlow.swift */,
				6581269D965245838AA53C40 /* FlowWithNavigationRoot.swift */,
				65812BC57980B6B974FF8614 /* FlowWithTabBarRoot.swift */,
			);
			path = Flow;
			sourceTree = "<group>";
		};
		6581210A2CF2D2FEABB97760 /* Model */ = {
			isa = PBXGroup;
			children = (
				65812CD1CE6446AE57E34D80 /* BaseModel.swift */,
			);
			path = Model;
			sourceTree = "<group>";
		};
		65812256390CF38620E8FEC6 /* Extensions */ = {
			isa = PBXGroup;
			children = (
				65812C32E55D1401DCB03D8E /* BehaviorRelay+Val.swift */,
				6581224160CE05680F76CBE1 /* TableView+DeselectSelectedRow.swift */,
				65812EF448709937BBBAC4D1 /* String+FirstLetter.swift */,
			);
			path = Extensions;
			sourceTree = "<group>";
		};
		658122A84B1E129518D5730F /* Common */ = {
			isa = PBXGroup;
			children = (
				6581236342668FA564307DF8 /* Synchronizable.swift */,
				658128F9132A488B4B1F6129 /* BaseAppDelegate.swift */,
				65812B94843DFF44275A42C5 /* RxOperators.swift */,
			);
			path = Common;
			sourceTree = "<group>";
		};
		6581251BBAC3A6A7C73E1F6B /* View */ = {
			isa = PBXGroup;
			children = (
				65812A09EEED1915992BB274 /* BaseViewContoller.swift */,
				6581219697DE5ACD2A84813D /* BindableView.swift */,
				6581230A87CF27714D09159E /* UIViewController+ViewCouldBind.swift */,
			);
			path = View;
			sourceTree = "<group>";
		};
		6581263D4510AB711C6F1091 = {
			isa = PBXGroup;
			children = (
				65812C64A014F0901A4A9920 /* Products */,
				65812FBB700FCB1FBDA7DC91 /* NAXT Mobile Data Entity Framework */,
				65812D7DD09985D89F3B513D /* NAXT Mobile Data Entity FrameworkTests */,
				00B9C621B1EA40E5DAC0B68E /* Pods */,
				CB020A027EE082EDA6C2A637 /* Frameworks */,
			);
			sourceTree = "<group>";
		};
		65812C64A014F0901A4A9920 /* Products */ = {
			isa = PBXGroup;
			children = (
				65812992A75329BBD36F21FF /* NAXT_Mobile_Data_Entity_Framework.framework */,
				6581283ED57CECDB287D88D9 /* NAXT Mobile Data Entity FrameworkTests.xctest */,
			);
			name = Products;
			sourceTree = "<group>";
		};
		65812C6F710D3A99FA1643CC /* ViewModel */ = {
			isa = PBXGroup;
			children = (
				658129ABEFB0721779A3DC44 /* BaseViewModel.swift */,
				65812E305E08F94A667CF2D4 /* SimpleViewModel.swift */,
				658122C98ED8E5B69F22FA47 /* ViewModel.swift */,
				65812B201ECE3D43630A5F85 /* HasViewModel.swift */,
			);
			path = ViewModel;
			sourceTree = "<group>";
		};
		65812D7DD09985D89F3B513D /* NAXT Mobile Data Entity FrameworkTests */ = {
			isa = PBXGroup;
			children = (
				6581263C40F51571E928CFC1 /* Info.plist */,
				65812527F8654F679E7398AC /* NAXT_Mobile_Data_Entity_FrameworkTests.swift */,
			);
			path = "NAXT Mobile Data Entity FrameworkTests";
			sourceTree = "<group>";
		};
		65812FBB700FCB1FBDA7DC91 /* NAXT Mobile Data Entity Framework */ = {
			isa = PBXGroup;
			children = (
				34CDAED121F355A8009A57B3 /* Flow */,
				65812F737A19A6499702B27D /* Info.plist */,
				65812C6F710D3A99FA1643CC /* ViewModel */,
				6581251BBAC3A6A7C73E1F6B /* View */,
				658122A84B1E129518D5730F /* Common */,
				6581210A2CF2D2FEABB97760 /* Model */,
				65812256390CF38620E8FEC6 /* Extensions */,
			);
			path = "NAXT Mobile Data Entity Framework";
			sourceTree = "<group>";
		};
		CB020A027EE082EDA6C2A637 /* Frameworks */ = {
			isa = PBXGroup;
			children = (
				0524A783ED7A320286CF9B0F /* Pods_NAXT_Mobile_Data_Entity_Framework.framework */,
			);
			name = Frameworks;
			sourceTree = "<group>";
		};
/* End PBXGroup section */

/* Begin PBXHeadersBuildPhase section */
		65812B313AB055D75AEE026E /* Headers */ = {
			isa = PBXHeadersBuildPhase;
			buildActionMask = 2147483647;
			files = (
			);
			runOnlyForDeploymentPostprocessing = 0;
		};
/* End PBXHeadersBuildPhase section */

/* Begin PBXNativeTarget section */
		658127CCF37121D750FF065A /* NAXT Mobile Data Entity FrameworkTests */ = {
			isa = PBXNativeTarget;
			buildConfigurationList = 6581259B3F8CD19C1747C812 /* Build configuration list for PBXNativeTarget "NAXT Mobile Data Entity FrameworkTests" */;
			buildPhases = (
				658125E867A18125310BC183 /* Sources */,
				65812E6BFD0E83342C2C24F9 /* Frameworks */,
				65812BC0EBD933A3E31AF0D3 /* Resources */,
			);
			buildRules = (
			);
			dependencies = (
				65812AA576B3A9741CF60442 /* PBXTargetDependency */,
			);
			name = "NAXT Mobile Data Entity FrameworkTests";
			productName = "NAXT Mobile Data Entity FrameworkTests";
			productReference = 6581283ED57CECDB287D88D9 /* NAXT Mobile Data Entity FrameworkTests.xctest */;
			productType = "com.apple.product-type.bundle.unit-test";
		};
		65812C453DC5514F2FA8CC96 /* NAXT Mobile Data Entity Framework */ = {
			isa = PBXNativeTarget;
			buildConfigurationList = 6581268351F59ABEB99BDB9F /* Build configuration list for PBXNativeTarget "NAXT Mobile Data Entity Framework" */;
			buildPhases = (
				53A43C511AE86FCE0BCFD1F5 /* [CP] Check Pods Manifest.lock */,
				65812B313AB055D75AEE026E /* Headers */,
				65812D22E9EEC08D823D149C /* Sources */,
				658121FB9343E61A1774FFCA /* Frameworks */,
				658125F7B54DE1E9438B8749 /* Resources */,
			);
			buildRules = (
			);
			dependencies = (
			);
			name = "NAXT Mobile Data Entity Framework";
			productName = "NAXT Mobile Data Entity Framework";
			productReference = 65812992A75329BBD36F21FF /* NAXT_Mobile_Data_Entity_Framework.framework */;
			productType = "com.apple.product-type.framework";
		};
/* End PBXNativeTarget section */

/* Begin PBXProject section */
		658125C22B89083241D59F07 /* Project object */ = {
			isa = PBXProject;
			attributes = {
				ORGANIZATIONNAME = "XAPT Kft.";
				TargetAttributes = {
					65812C453DC5514F2FA8CC96 = {
						LastSwiftMigration = 1010;
					};
				};
			};
			buildConfigurationList = 65812E9B7825B8A2CF9D42E2 /* Build configuration list for PBXProject "NAXT Mobile Data Entity Framework" */;
			compatibilityVersion = "Xcode 3.2";
			developmentRegion = English;
			hasScannedForEncodings = 0;
			knownRegions = (
				en,
			);
			mainGroup = 6581263D4510AB711C6F1091;
			productRefGroup = 65812C64A014F0901A4A9920 /* Products */;
			projectDirPath = "";
			projectRoot = "";
			targets = (
				65812C453DC5514F2FA8CC96 /* NAXT Mobile Data Entity Framework */,
				658127CCF37121D750FF065A /* NAXT Mobile Data Entity FrameworkTests */,
			);
		};
/* End PBXProject section */

/* Begin PBXResourcesBuildPhase section */
		658125F7B54DE1E9438B8749 /* Resources */ = {
			isa = PBXResourcesBuildPhase;
			buildActionMask = 2147483647;
			files = (
			);
			runOnlyForDeploymentPostprocessing = 0;
		};
		65812BC0EBD933A3E31AF0D3 /* Resources */ = {
			isa = PBXResourcesBuildPhase;
			buildActionMask = 2147483647;
			files = (
			);
			runOnlyForDeploymentPostprocessing = 0;
		};
/* End PBXResourcesBuildPhase section */

/* Begin PBXShellScriptBuildPhase section */
		53A43C511AE86FCE0BCFD1F5 /* [CP] Check Pods Manifest.lock */ = {
			isa = PBXShellScriptBuildPhase;
			buildActionMask = 2147483647;
			files = (
			);
			inputFileListPaths = (
			);
			inputPaths = (
				"${PODS_PODFILE_DIR_PATH}/Podfile.lock",
				"${PODS_ROOT}/Manifest.lock",
			);
			name = "[CP] Check Pods Manifest.lock";
			outputFileListPaths = (
			);
			outputPaths = (
				"$(DERIVED_FILE_DIR)/Pods-NAXT Mobile Data Entity Framework-checkManifestLockResult.txt",
			);
			runOnlyForDeploymentPostprocessing = 0;
			shellPath = /bin/sh;
			shellScript = "diff \"${PODS_PODFILE_DIR_PATH}/Podfile.lock\" \"${PODS_ROOT}/Manifest.lock\" > /dev/null\nif [ $? != 0 ] ; then\n    # print error to STDERR\n    echo \"error: The sandbox is not in sync with the Podfile.lock. Run 'pod install' or update your CocoaPods installation.\" >&2\n    exit 1\nfi\n# This output is used by Xcode 'outputs' to avoid re-running this script phase.\necho \"SUCCESS\" > \"${SCRIPT_OUTPUT_FILE_0}\"\n";
			showEnvVarsInLog = 0;
		};
/* End PBXShellScriptBuildPhase section */

/* Begin PBXSourcesBuildPhase section */
		658125E867A18125310BC183 /* Sources */ = {
			isa = PBXSourcesBuildPhase;
			buildActionMask = 2147483647;
			files = (
				65812C7EF3F0B6A234EE139D /* NAXT_Mobile_Data_Entity_FrameworkTests.swift in Sources */,
			);
			runOnlyForDeploymentPostprocessing = 0;
		};
		65812D22E9EEC08D823D149C /* Sources */ = {
			isa = PBXSourcesBuildPhase;
			buildActionMask = 2147483647;
			files = (
				658120F3CA2DCF0C3106C224 /* Synchronizable.swift in Sources */,
				6581247D6C72655F9BB5FC8C /* BaseViewModel.swift in Sources */,
				65812F3330C1909BD1A12C85 /* SimpleViewModel.swift in Sources */,
				6581215DD823A769E3BF64DC /* ViewModel.swift in Sources */,
				658123CD717ECAF2BC0F09D6 /* HasViewModel.swift in Sources */,
				65812FC4155B354D62502199 /* BaseViewContoller.swift in Sources */,
				658126B96ED60623C0484921 /* BindableView.swift in Sources */,
				658124AB01A7E619379E0D07 /* UIViewController+ViewCouldBind.swift in Sources */,
				658120AD2E188785D877D442 /* BaseModel.swift in Sources */,
				65812ADB69E58A59170D7730 /* BaseAppDelegate.swift in Sources */,
				65812A631380BD5408D3C1FC /* RxOperators.swift in Sources */,
				6581251ABB20F6A6571DBC69 /* BaseFlow.swift in Sources */,
				658126BE17322E51A61FD683 /* FlowWithNavigationRoot.swift in Sources */,
				65812521255B99B380ABA414 /* BehaviorRelay+Val.swift in Sources */,
				65812B9E0EF390797DD66EF4 /* TableView+DeselectSelectedRow.swift in Sources */,
				65812E109044D9058905CEE6 /* String+FirstLetter.swift in Sources */,
				6581265A2EB69C0A9DDC78C2 /* FlowWithTabBarRoot.swift in Sources */,
			);
			runOnlyForDeploymentPostprocessing = 0;
		};
/* End PBXSourcesBuildPhase section */

/* Begin PBXTargetDependency section */
		65812AA576B3A9741CF60442 /* PBXTargetDependency */ = {
			isa = PBXTargetDependency;
			target = 65812C453DC5514F2FA8CC96 /* NAXT Mobile Data Entity Framework */;
			targetProxy = 65812018D7B357D7325138E8 /* PBXContainerItemProxy */;
		};
/* End PBXTargetDependency section */

/* Begin XCBuildConfiguration section */
		658124A606373D77EEA8CEE5 /* Release */ = {
			isa = XCBuildConfiguration;
			buildSettings = {
				ALWAYS_SEARCH_USER_PATHS = NO;
				CLANG_ANALYZER_NONNULL = YES;
				CLANG_ANALYZER_NUMBER_OBJECT_CONVERSION = YES_AGGRESSIVE;
				CLANG_CXX_LANGUAGE_STANDARD = "gnu++14";
				CLANG_CXX_LIBRARY = "libc++";
				CLANG_ENABLE_MODULES = YES;
				CLANG_ENABLE_OBJC_ARC = YES;
				CLANG_ENABLE_OBJC_WEAK = YES;
				CLANG_WARN_BLOCK_CAPTURE_AUTORELEASING = YES;
				CLANG_WARN_BOOL_CONVERSION = YES;
				CLANG_WARN_COMMA = YES;
				CLANG_WARN_CONSTANT_CONVERSION = YES;
				CLANG_WARN_DEPRECATED_OBJC_IMPLEMENTATIONS = YES;
				CLANG_WARN_DIRECT_OBJC_ISA_USAGE = YES_ERROR;
				CLANG_WARN_DOCUMENTATION_COMMENTS = YES;
				CLANG_WARN_EMPTY_BODY = YES;
				CLANG_WARN_ENUM_CONVERSION = YES;
				CLANG_WARN_INFINITE_RECURSION = YES;
				CLANG_WARN_INT_CONVERSION = YES;
				CLANG_WARN_NON_LITERAL_NULL_CONVERSION = YES;
				CLANG_WARN_OBJC_IMPLICIT_RETAIN_SELF = YES;
				CLANG_WARN_OBJC_LITERAL_CONVERSION = YES;
				CLANG_WARN_OBJC_ROOT_CLASS = YES_ERROR;
				CLANG_WARN_RANGE_LOOP_ANALYSIS = YES;
				CLANG_WARN_STRICT_PROTOTYPES = YES;
				CLANG_WARN_SUSPICIOUS_MOVE = YES;
				CLANG_WARN_UNGUARDED_AVAILABILITY = YES_AGGRESSIVE;
				CLANG_WARN_UNREACHABLE_CODE = YES;
				CLANG_WARN__DUPLICATE_METHOD_MATCH = YES;
				CODE_SIGN_IDENTITY = "iPhone Developer";
				COPY_PHASE_STRIP = NO;
				CURRENT_PROJECT_VERSION = 1;
				DEBUG_INFORMATION_FORMAT = "dwarf-with-dsym";
				ENABLE_NS_ASSERTIONS = NO;
				ENABLE_STRICT_OBJC_MSGSEND = YES;
				GCC_C_LANGUAGE_STANDARD = gnu11;
				GCC_NO_COMMON_BLOCKS = YES;
				GCC_WARN_64_TO_32_BIT_CONVERSION = YES;
				GCC_WARN_ABOUT_RETURN_TYPE = YES_ERROR;
				GCC_WARN_UNDECLARED_SELECTOR = YES;
				GCC_WARN_UNINITIALIZED_AUTOS = YES_AGGRESSIVE;
				GCC_WARN_UNUSED_FUNCTION = YES;
				GCC_WARN_UNUSED_VARIABLE = YES;
				IPHONEOS_DEPLOYMENT_TARGET = 10.3;
				MTL_ENABLE_DEBUG_INFO = NO;
				MTL_FAST_MATH = YES;
				SDKROOT = iphoneos;
				SWIFT_OPTIMIZATION_LEVEL = "-Owholemodule";
				VALIDATE_PRODUCT = YES;
				VERSIONING_SYSTEM = "apple-generic";
				VERSION_INFO_PREFIX = "";
			};
			name = Release;
		};
		6581278763661AE0D1774B81 /* Debug */ = {
			isa = XCBuildConfiguration;
			buildSettings = {
				ALWAYS_EMBED_SWIFT_STANDARD_LIBRARIES = YES;
				INFOPLIST_FILE = "NAXT Mobile Data Entity FrameworkTests/Info.plist";
				LD_RUNPATH_SEARCH_PATHS = "$(inherited) @executable_path/Frameworks @loader_path/Frameworks";
				PRODUCT_BUNDLE_IDENTIFIER = "com.xapt.NAXT-Mobile-Data-Entity-FrameworkTests";
				PRODUCT_NAME = "$(TARGET_NAME)";
				SWIFT_VERSION = 4.2;
				TARGETED_DEVICE_FAMILY = "1,2";
			};
			name = Debug;
		};
		658128C968F1A2F9D65E19EB /* Debug */ = {
			isa = XCBuildConfiguration;
			baseConfigurationReference = 841089CE40D91266577048EA /* Pods-NAXT Mobile Data Entity Framework.debug.xcconfig */;
			buildSettings = {
				CLANG_ENABLE_MODULES = YES;
				CODE_SIGN_IDENTITY = "";
				DEFINES_MODULE = YES;
				DYLIB_COMPATIBILITY_VERSION = 1;
				DYLIB_CURRENT_VERSION = 1;
				DYLIB_INSTALL_NAME_BASE = "@rpath";
				INFOPLIST_FILE = "NAXT Mobile Data Entity Framework/Info.plist";
				INSTALL_PATH = "$(LOCAL_LIBRARY_DIR)/Frameworks";
				LD_RUNPATH_SEARCH_PATHS = "$(inherited) @executable_path/Frameworks @loader_path/Frameworks";
				PRODUCT_BUNDLE_IDENTIFIER = "com.xapt.NAXT-Mobile-Data-Entity-Framework";
				PRODUCT_NAME = "$(TARGET_NAME:c99extidentifier)";
				SKIP_INSTALL = YES;
				SWIFT_OPTIMIZATION_LEVEL = "-Onone";
				SWIFT_VERSION = 4.2;
				TARGETED_DEVICE_FAMILY = "1,2";
			};
			name = Debug;
		};
		65812BC354F306DDF9518472 /* Release */ = {
			isa = XCBuildConfiguration;
			buildSettings = {
				ALWAYS_EMBED_SWIFT_STANDARD_LIBRARIES = YES;
				INFOPLIST_FILE = "NAXT Mobile Data Entity FrameworkTests/Info.plist";
				LD_RUNPATH_SEARCH_PATHS = "$(inherited) @executable_path/Frameworks @loader_path/Frameworks";
				PRODUCT_BUNDLE_IDENTIFIER = "com.xapt.NAXT-Mobile-Data-Entity-FrameworkTests";
				PRODUCT_NAME = "$(TARGET_NAME)";
				SWIFT_VERSION = 4.2;
				TARGETED_DEVICE_FAMILY = "1,2";
			};
			name = Release;
		};
		65812C3C5560C770335B88E1 /* Release */ = {
			isa = XCBuildConfiguration;
			baseConfigurationReference = BE05BDE46E9DFA57028B0992 /* Pods-NAXT Mobile Data Entity Framework.release.xcconfig */;
			buildSettings = {
				CLANG_ENABLE_MODULES = YES;
				CODE_SIGN_IDENTITY = "";
				DEFINES_MODULE = YES;
				DYLIB_COMPATIBILITY_VERSION = 1;
				DYLIB_CURRENT_VERSION = 1;
				DYLIB_INSTALL_NAME_BASE = "@rpath";
				INFOPLIST_FILE = "NAXT Mobile Data Entity Framework/Info.plist";
				INSTALL_PATH = "$(LOCAL_LIBRARY_DIR)/Frameworks";
				LD_RUNPATH_SEARCH_PATHS = "$(inherited) @executable_path/Frameworks @loader_path/Frameworks";
				PRODUCT_BUNDLE_IDENTIFIER = "com.xapt.NAXT-Mobile-Data-Entity-Framework";
				PRODUCT_NAME = "$(TARGET_NAME:c99extidentifier)";
				SKIP_INSTALL = YES;
				SWIFT_VERSION = 4.2;
				TARGETED_DEVICE_FAMILY = "1,2";
			};
			name = Release;
		};
		65812D1FD87946F9937DBC69 /* Debug */ = {
			isa = XCBuildConfiguration;
			buildSettings = {
				ALWAYS_SEARCH_USER_PATHS = NO;
				CLANG_ANALYZER_NONNULL = YES;
				CLANG_ANALYZER_NUMBER_OBJECT_CONVERSION = YES_AGGRESSIVE;
				CLANG_CXX_LANGUAGE_STANDARD = "gnu++14";
				CLANG_CXX_LIBRARY = "libc++";
				CLANG_ENABLE_MODULES = YES;
				CLANG_ENABLE_OBJC_ARC = YES;
				CLANG_ENABLE_OBJC_WEAK = YES;
				CLANG_WARN_BLOCK_CAPTURE_AUTORELEASING = YES;
				CLANG_WARN_BOOL_CONVERSION = YES;
				CLANG_WARN_COMMA = YES;
				CLANG_WARN_CONSTANT_CONVERSION = YES;
				CLANG_WARN_DEPRECATED_OBJC_IMPLEMENTATIONS = YES;
				CLANG_WARN_DIRECT_OBJC_ISA_USAGE = YES_ERROR;
				CLANG_WARN_DOCUMENTATION_COMMENTS = YES;
				CLANG_WARN_EMPTY_BODY = YES;
				CLANG_WARN_ENUM_CONVERSION = YES;
				CLANG_WARN_INFINITE_RECURSION = YES;
				CLANG_WARN_INT_CONVERSION = YES;
				CLANG_WARN_NON_LITERAL_NULL_CONVERSION = YES;
				CLANG_WARN_OBJC_IMPLICIT_RETAIN_SELF = YES;
				CLANG_WARN_OBJC_LITERAL_CONVERSION = YES;
				CLANG_WARN_OBJC_ROOT_CLASS = YES_ERROR;
				CLANG_WARN_RANGE_LOOP_ANALYSIS = YES;
				CLANG_WARN_STRICT_PROTOTYPES = YES;
				CLANG_WARN_SUSPICIOUS_MOVE = YES;
				CLANG_WARN_UNGUARDED_AVAILABILITY = YES_AGGRESSIVE;
				CLANG_WARN_UNREACHABLE_CODE = YES;
				CLANG_WARN__DUPLICATE_METHOD_MATCH = YES;
				CODE_SIGN_IDENTITY = "iPhone Developer";
				COPY_PHASE_STRIP = NO;
				CURRENT_PROJECT_VERSION = 1;
				DEBUG_INFORMATION_FORMAT = dwarf;
				ENABLE_STRICT_OBJC_MSGSEND = YES;
				ENABLE_TESTABILITY = YES;
				GCC_C_LANGUAGE_STANDARD = gnu11;
				GCC_DYNAMIC_NO_PIC = NO;
				GCC_NO_COMMON_BLOCKS = YES;
				GCC_OPTIMIZATION_LEVEL = 0;
				GCC_PREPROCESSOR_DEFINITIONS = (
					"DEBUG=1",
					"$(inherited)",
				);
				GCC_WARN_64_TO_32_BIT_CONVERSION = YES;
				GCC_WARN_ABOUT_RETURN_TYPE = YES_ERROR;
				GCC_WARN_UNDECLARED_SELECTOR = YES;
				GCC_WARN_UNINITIALIZED_AUTOS = YES_AGGRESSIVE;
				GCC_WARN_UNUSED_FUNCTION = YES;
				GCC_WARN_UNUSED_VARIABLE = YES;
				IPHONEOS_DEPLOYMENT_TARGET = 10.3;
				MTL_ENABLE_DEBUG_INFO = INCLUDE_SOURCE;
				MTL_FAST_MATH = YES;
				ONLY_ACTIVE_ARCH = YES;
				SDKROOT = iphoneos;
				SWIFT_ACTIVE_COMPILATION_CONDITIONS = DEBUG;
				SWIFT_OPTIMIZATION_LEVEL = "-Onone";
				VERSIONING_SYSTEM = "apple-generic";
				VERSION_INFO_PREFIX = "";
			};
			name = Debug;
		};
/* End XCBuildConfiguration section */

/* Begin XCConfigurationList section */
		6581259B3F8CD19C1747C812 /* Build configuration list for PBXNativeTarget "NAXT Mobile Data Entity FrameworkTests" */ = {
			isa = XCConfigurationList;
			buildConfigurations = (
				6581278763661AE0D1774B81 /* Debug */,
				65812BC354F306DDF9518472 /* Release */,
			);
			defaultConfigurationIsVisible = 0;
			defaultConfigurationName = Release;
		};
		6581268351F59ABEB99BDB9F /* Build configuration list for PBXNativeTarget "NAXT Mobile Data Entity Framework" */ = {
			isa = XCConfigurationList;
			buildConfigurations = (
				658128C968F1A2F9D65E19EB /* Debug */,
				65812C3C5560C770335B88E1 /* Release */,
			);
			defaultConfigurationIsVisible = 0;
			defaultConfigurationName = Release;
		};
		65812E9B7825B8A2CF9D42E2 /* Build configuration list for PBXProject "NAXT Mobile Data Entity Framework" */ = {
			isa = XCConfigurationList;
			buildConfigurations = (
				65812D1FD87946F9937DBC69 /* Debug */,
				658124A606373D77EEA8CEE5 /* Release */,
			);
			defaultConfigurationIsVisible = 0;
			defaultConfigurationName = Release;
		};
/* End XCConfigurationList section */
	};
	rootObject = 658125C22B89083241D59F07 /* Project object */;
}
